// !$*UTF8*$!
{
	archiveVersion = 1;
	classes = {
	};
	objectVersion = 50;
	objects = {

/* Begin PBXBuildFile section */
		7B34142920B0AEC300637466 /* AppDelegate.swift in Sources */ = {isa = PBXBuildFile; fileRef = 7B34142820B0AEC300637466 /* AppDelegate.swift */; };
		7B34142B20B0AEC300637466 /* ViewController.swift in Sources */ = {isa = PBXBuildFile; fileRef = 7B34142A20B0AEC300637466 /* ViewController.swift */; };
		7B34142E20B0AEC300637466 /* Main.storyboard in Resources */ = {isa = PBXBuildFile; fileRef = 7B34142C20B0AEC300637466 /* Main.storyboard */; };
		7B34143020B0AEC500637466 /* Assets.xcassets in Resources */ = {isa = PBXBuildFile; fileRef = 7B34142F20B0AEC500637466 /* Assets.xcassets */; };
		7B34143320B0AEC500637466 /* LaunchScreen.storyboard in Resources */ = {isa = PBXBuildFile; fileRef = 7B34143120B0AEC500637466 /* LaunchScreen.storyboard */; };
		7B34143E20B0AEC500637466 /* GoogleMapsDemoTests.swift in Sources */ = {isa = PBXBuildFile; fileRef = 7B34143D20B0AEC500637466 /* GoogleMapsDemoTests.swift */; };
/* End PBXBuildFile section */

/* Begin PBXContainerItemProxy section */
		7B34143A20B0AEC500637466 /* PBXContainerItemProxy */ = {
			isa = PBXContainerItemProxy;
			containerPortal = 7B34141D20B0AEC300637466 /* Project object */;
			proxyType = 1;
			remoteGlobalIDString = 7B34142420B0AEC300637466;
			remoteInfo = GoogleMapsDemo;
		};
/* End PBXContainerItemProxy section */

/* Begin PBXFileReference section */
		7B34142520B0AEC300637466 /* GoogleMapsDemo.app */ = {isa = PBXFileReference; explicitFileType = wrapper.application; includeInIndex = 0; path = GoogleMapsDemo.app; sourceTree = BUILT_PRODUCTS_DIR; };
		7B34142820B0AEC300637466 /* AppDelegate.swift */ = {isa = PBXFileReference; lastKnownFileType = sourcecode.swift; path = AppDelegate.swift; sourceTree = "<group>"; };
		7B34142A20B0AEC300637466 /* ViewController.swift */ = {isa = PBXFileReference; lastKnownFileType = sourcecode.swift; path = ViewController.swift; sourceTree = "<group>"; };
		7B34142D20B0AEC300637466 /* Base */ = {isa = PBXFileReference; lastKnownFileType = file.storyboard; name = Base; path = Base.lproj/Main.storyboard; sourceTree = "<group>"; };
		7B34142F20B0AEC500637466 /* Assets.xcassets */ = {isa = PBXFileReference; lastKnownFileType = folder.assetcatalog; path = Assets.xcassets; sourceTree = "<group>"; };
		7B34143220B0AEC500637466 /* Base */ = {isa = PBXFileReference; lastKnownFileType = file.storyboard; name = Base; path = Base.lproj/LaunchScreen.storyboard; sourceTree = "<group>"; };
		7B34143420B0AEC500637466 /* Info.plist */ = {isa = PBXFileReference; lastKnownFileType = text.plist.xml; path = Info.plist; sourceTree = "<group>"; };
		7B34143920B0AEC500637466 /* GoogleMapsDemoTests.xctest */ = {isa = PBXFileReference; explicitFileType = wrapper.cfbundle; includeInIndex = 0; path = GoogleMapsDemoTests.xctest; sourceTree = BUILT_PRODUCTS_DIR; };
		7B34143D20B0AEC500637466 /* GoogleMapsDemoTests.swift */ = {isa = PBXFileReference; lastKnownFileType = sourcecode.swift; path = GoogleMapsDemoTests.swift; sourceTree = "<group>"; };
		7B34143F20B0AEC500637466 /* Info.plist */ = {isa = PBXFileReference; lastKnownFileType = text.plist.xml; path = Info.plist; sourceTree = "<group>"; };
/* End PBXFileReference section */

/* Begin PBXFrameworksBuildPhase section */
		7B34142220B0AEC300637466 /* Frameworks */ = {
			isa = PBXFrameworksBuildPhase;
			buildActionMask = 2147483647;
			files = (
			);
			runOnlyForDeploymentPostprocessing = 0;
		};
		7B34143620B0AEC500637466 /* Frameworks */ = {
			isa = PBXFrameworksBuildPhase;
			buildActionMask = 2147483647;
			files = (
			);
			runOnlyForDeploymentPostprocessing = 0;
		};
/* End PBXFrameworksBuildPhase section */

/* Begin PBXGroup section */
		7B34141C20B0AEC300637466 = {
			isa = PBXGroup;
			children = (
				7B34142720B0AEC300637466 /* GoogleMapsDemo */,
				7B34143C20B0AEC500637466 /* GoogleMapsDemoTests */,
				7B34142620B0AEC300637466 /* Products */,
			);
			sourceTree = "<group>";
		};
		7B34142620B0AEC300637466 /* Products */ = {
			isa = PBXGroup;
			children = (
				7B34142520B0AEC300637466 /* GoogleMapsDemo.app */,
				7B34143920B0AEC500637466 /* GoogleMapsDemoTests.xctest */,
			);
			name = Products;
			sourceTree = "<group>";
		};
		7B34142720B0AEC300637466 /* GoogleMapsDemo */ = {
			isa = PBXGroup;
			children = (
				7B34142820B0AEC300637466 /* AppDelegate.swift */,
				7B34142A20B0AEC300637466 /* ViewController.swift */,
				7B34142C20B0AEC300637466 /* Main.storyboard */,
				7B34142F20B0AEC500637466 /* Assets.xcassets */,
				7B34143120B0AEC500637466 /* LaunchScreen.storyboard */,
				7B34143420B0AEC500637466 /* Info.plist */,
			);
			path = GoogleMapsDemo;
			sourceTree = "<group>";
		};
		7B34143C20B0AEC500637466 /* GoogleMapsDemoTests */ = {
			isa = PBXGroup;
			children = (
				7B34143D20B0AEC500637466 /* GoogleMapsDemoTests.swift */,
				7B34143F20B0AEC500637466 /* Info.plist */,
			);
			path = GoogleMapsDemoTests;
			sourceTree = "<group>";
		};
/* End PBXGroup section */

/* Begin PBXNativeTarget section */
		7B34142420B0AEC300637466 /* GoogleMapsDemo */ = {
			isa = PBXNativeTarget;
			buildConfigurationList = 7B34144220B0AEC500637466 /* Build configuration list for PBXNativeTarget "GoogleMapsDemo" */;
			buildPhases = (
				7B34142120B0AEC300637466 /* Sources */,
				7B34142220B0AEC300637466 /* Frameworks */,
				7B34142320B0AEC300637466 /* Resources */,
			);
			buildRules = (
			);
			dependencies = (
			);
			name = GoogleMapsDemo;
			productName = GoogleMapsDemo;
			productReference = 7B34142520B0AEC300637466 /* GoogleMapsDemo.app */;
			productType = "com.apple.product-type.application";
		};
		7B34143820B0AEC500637466 /* GoogleMapsDemoTests */ = {
			isa = PBXNativeTarget;
			buildConfigurationList = 7B34144520B0AEC500637466 /* Build configuration list for PBXNativeTarget "GoogleMapsDemoTests" */;
			buildPhases = (
				7B34143520B0AEC500637466 /* Sources */,
				7B34143620B0AEC500637466 /* Frameworks */,
				7B34143720B0AEC500637466 /* Resources */,
			);
			buildRules = (
			);
			dependencies = (
				7B34143B20B0AEC500637466 /* PBXTargetDependency */,
			);
			name = GoogleMapsDemoTests;
			productName = GoogleMapsDemoTests;
			productReference = 7B34143920B0AEC500637466 /* GoogleMapsDemoTests.xctest */;
			productType = "com.apple.product-type.bundle.unit-test";
		};
/* End PBXNativeTarget section */

/* Begin PBXProject section */
		7B34141D20B0AEC300637466 /* Project object */ = {
			isa = PBXProject;
			attributes = {
				LastSwiftUpdateCheck = 0930;
				LastUpgradeCheck = 0930;
				ORGANIZATIONNAME = "Abbas Angouti";
				TargetAttributes = {
					7B34142420B0AEC300637466 = {
						CreatedOnToolsVersion = 9.3.1;
					};
					7B34143820B0AEC500637466 = {
						CreatedOnToolsVersion = 9.3.1;
						TestTargetID = 7B34142420B0AEC300637466;
					};
				};
			};
			buildConfigurationList = 7B34142020B0AEC300637466 /* Build configuration list for PBXProject "GoogleMapsDemo" */;
			compatibilityVersion = "Xcode 9.3";
			developmentRegion = en;
			hasScannedForEncodings = 0;
			knownRegions = (
				en,
				Base,
			);
			mainGroup = 7B34141C20B0AEC300637466;
			productRefGroup = 7B34142620B0AEC300637466 /* Products */;
			projectDirPath = "";
			projectRoot = "";
			targets = (
				7B34142420B0AEC300637466 /* GoogleMapsDemo */,
				7B34143820B0AEC500637466 /* GoogleMapsDemoTests */,
			);
		};
/* End PBXProject section */

/* Begin PBXResourcesBuildPhase section */
		7B34142320B0AEC300637466 /* Resources */ = {
			isa = PBXResourcesBuildPhase;
			buildActionMask = 2147483647;
			files = (
				7B34143320B0AEC500637466 /* LaunchScreen.storyboard in Resources */,
				7B34143020B0AEC500637466 /* Assets.xcassets in Resources */,
				7B34142E20B0AEC300637466 /* Main.storyboard in Resources */,
			);
			runOnlyForDeploymentPostprocessing = 0;
		};
		7B34143720B0AEC500637466 /* Resources */ = {
			isa = PBXResourcesBuildPhase;
			buildActionMask = 2147483647;
			files = (
			);
			runOnlyForDeploymentPostprocessing = 0;
		};
/* End PBXResourcesBuildPhase section */

/* Begin PBXSourcesBuildPhase section */
		7B34142120B0AEC300637466 /* Sources */ = {
			isa = PBXSourcesBuildPhase;
			buildActionMask = 2147483647;
			files = (
				7B34142B20B0AEC300637466 /* ViewController.swift in Sources */,
				7B34142920B0AEC300637466 /* AppDelegate.swift in Sources */,
			);
			runOnlyForDeploymentPostprocessing = 0;
		};
		7B34143520B0AEC500637466 /* Sources */ = {
			isa = PBXSourcesBuildPhase;
			buildActionMask = 2147483647;
			files = (
				7B34143E20B0AEC500637466 /* GoogleMapsDemoTests.swift in Sources */,
			);
			runOnlyForDeploymentPostprocessing = 0;
		};
/* End PBXSourcesBuildPhase section */

/* Begin PBXTargetDependency section */
		7B34143B20B0AEC500637466 /* PBXTargetDependency */ = {
			isa = PBXTargetDependency;
			target = 7B34142420B0AEC300637466 /* GoogleMapsDemo */;
			targetProxy = 7B34143A20B0AEC500637466 /* PBXContainerItemProxy */;
		};
/* End PBXTargetDependency section */

/* Begin PBXVariantGroup section */
		7B34142C20B0AEC300637466 /* Main.storyboard */ = {
			isa = PBXVariantGroup;
			children = (
				7B34142D20B0AEC300637466 /* Base */,
			);
			name = Main.storyboard;
			sourceTree = "<group>";
		};
		7B34143120B0AEC500637466 /* LaunchScreen.storyboard */ = {
			isa = PBXVariantGroup;
			children = (
				7B34143220B0AEC500637466 /* Base */,
			);
			name = LaunchScreen.storyboard;
			sourceTree = "<group>";
		};
/* End PBXVariantGroup section */

/* Begin XCBuildConfiguration section */
		7B34144020B0AEC500637466 /* Debug */ = {
			isa = XCBuildConfiguration;
			buildSettings = {
				ALWAYS_SEARCH_USER_PATHS = NO;
				CLANG_ANALYZER_NONNULL = YES;
				CLANG_ANALYZER_NUMBER_OBJECT_CONVERSION = YES_AGGRESSIVE;
				CLANG_CXX_LANGUAGE_STANDARD = "gnu++14";
				CLANG_CXX_LIBRARY = "libc++";
				CLANG_ENABLE_MODULES = YES;
				CLANG_ENABLE_OBJC_ARC = YES;
				CLANG_ENABLE_OBJC_WEAK = YES;
				CLANG_WARN_BLOCK_CAPTURE_AUTORELEASING = YES;
				CLANG_WARN_BOOL_CONVERSION = YES;
				CLANG_WARN_COMMA = YES;
				CLANG_WARN_CONSTANT_CONVERSION = YES;
				CLANG_WARN_DEPRECATED_OBJC_IMPLEMENTATIONS = YES;
				CLANG_WARN_DIRECT_OBJC_ISA_USAGE = YES_ERROR;
				CLANG_WARN_DOCUMENTATION_COMMENTS = YES;
				CLANG_WARN_EMPTY_BODY = YES;
				CLANG_WARN_ENUM_CONVERSION = YES;
				CLANG_WARN_INFINITE_RECURSION = YES;
				CLANG_WARN_INT_CONVERSION = YES;
				CLANG_WARN_NON_LITERAL_NULL_CONVERSION = YES;
				CLANG_WARN_OBJC_IMPLICIT_RETAIN_SELF = YES;
				CLANG_WARN_OBJC_LITERAL_CONVERSION = YES;
				CLANG_WARN_OBJC_ROOT_CLASS = YES_ERROR;
				CLANG_WARN_RANGE_LOOP_ANALYSIS = YES;
				CLANG_WARN_STRICT_PROTOTYPES = YES;
				CLANG_WARN_SUSPICIOUS_MOVE = YES;
				CLANG_WARN_UNGUARDED_AVAILABILITY = YES_AGGRESSIVE;
				CLANG_WARN_UNREACHABLE_CODE = YES;
				CLANG_WARN__DUPLICATE_METHOD_MATCH = YES;
				CODE_SIGN_IDENTITY = "iPhone Developer";
				COPY_PHASE_STRIP = NO;
				DEBUG_INFORMATION_FORMAT = dwarf;
				ENABLE_STRICT_OBJC_MSGSEND = YES;
				ENABLE_TESTABILITY = YES;
				GCC_C_LANGUAGE_STANDARD = gnu11;
				GCC_DYNAMIC_NO_PIC = NO;
				GCC_NO_COMMON_BLOCKS = YES;
				GCC_OPTIMIZATION_LEVEL = 0;
				GCC_PREPROCESSOR_DEFINITIONS = (
					"DEBUG=1",
					"$(inherited)",
				);
				GCC_WARN_64_TO_32_BIT_CONVERSION = YES;
				GCC_WARN_ABOUT_RETURN_TYPE = YES_ERROR;
				GCC_WARN_UNDECLARED_SELECTOR = YES;
				GCC_WARN_UNINITIALIZED_AUTOS = YES_AGGRESSIVE;
				GCC_WARN_UNUSED_FUNCTION = YES;
				GCC_WARN_UNUSED_VARIABLE = YES;
				IPHONEOS_DEPLOYMENT_TARGET = 11.3;
				MTL_ENABLE_DEBUG_INFO = YES;
				ONLY_ACTIVE_ARCH = YES;
				SDKROOT = iphoneos;
				SWIFT_ACTIVE_COMPILATION_CONDITIONS = DEBUG;
				SWIFT_OPTIMIZATION_LEVEL = "-Onone";
			};
			name = Debug;
		};
		7B34144120B0AEC500637466 /* Release */ = {
			isa = XCBuildConfiguration;
			buildSettings = {
				ALWAYS_SEARCH_USER_PATHS = NO;
				CLANG_ANALYZER_NONNULL = YES;
				CLANG_ANALYZER_NUMBER_OBJECT_CONVERSION = YES_AGGRESSIVE;
				CLANG_CXX_LANGUAGE_STANDARD = "gnu++14";
				CLANG_CXX_LIBRARY = "libc++";
				CLANG_ENABLE_MODULES = YES;
				CLANG_ENABLE_OBJC_ARC = YES;
				CLANG_ENABLE_OBJC_WEAK = YES;
				CLANG_WARN_BLOCK_CAPTURE_AUTORELEASING = YES;
				CLANG_WARN_BOOL_CONVERSION = YES;
				CLANG_WARN_COMMA = YES;
				CLANG_WARN_CONSTANT_CONVERSION = YES;
				CLANG_WARN_DEPRECATED_OBJC_IMPLEMENTATIONS = YES;
				CLANG_WARN_DIRECT_OBJC_ISA_USAGE = YES_ERROR;
				CLANG_WARN_DOCUMENTATION_COMMENTS = YES;
				CLANG_WARN_EMPTY_BODY = YES;
				CLANG_WARN_ENUM_CONVERSION = YES;
				CLANG_WARN_INFINITE_RECURSION = YES;
				CLANG_WARN_INT_CONVERSION = YES;
				CLANG_WARN_NON_LITERAL_NULL_CONVERSION = YES;
				CLANG_WARN_OBJC_IMPLICIT_RETAIN_SELF = YES;
				CLANG_WARN_OBJC_LITERAL_CONVERSION = YES;
				CLANG_WARN_OBJC_ROOT_CLASS = YES_ERROR;
				CLANG_WARN_RANGE_LOOP_ANALYSIS = YES;
				CLANG_WARN_STRICT_PROTOTYPES = YES;
				CLANG_WARN_SUSPICIOUS_MOVE = YES;
				CLANG_WARN_UNGUARDED_AVAILABILITY = YES_AGGRESSIVE;
				CLANG_WARN_UNREACHABLE_CODE = YES;
				CLANG_WARN__DUPLICATE_METHOD_MATCH = YES;
				CODE_SIGN_IDENTITY = "iPhone Developer";
				COPY_PHASE_STRIP = NO;
				DEBUG_INFORMATION_FORMAT = "dwarf-with-dsym";
				ENABLE_NS_ASSERTIONS = NO;
				ENABLE_STRICT_OBJC_MSGSEND = YES;
				GCC_C_LANGUAGE_STANDARD = gnu11;
				GCC_NO_COMMON_BLOCKS = YES;
				GCC_WARN_64_TO_32_BIT_CONVERSION = YES;
				GCC_WARN_ABOUT_RETURN_TYPE = YES_ERROR;
				GCC_WARN_UNDECLARED_SELECTOR = YES;
				GCC_WARN_UNINITIALIZED_AUTOS = YES_AGGRESSIVE;
				GCC_WARN_UNUSED_FUNCTION = YES;
				GCC_WARN_UNUSED_VARIABLE = YES;
				IPHONEOS_DEPLOYMENT_TARGET = 11.3;
				MTL_ENABLE_DEBUG_INFO = NO;
				SDKROOT = iphoneos;
				SWIFT_COMPILATION_MODE = wholemodule;
				SWIFT_OPTIMIZATION_LEVEL = "-O";
				VALIDATE_PRODUCT = YES;
			};
			name = Release;
		};
		7B34144320B0AEC500637466 /* Debug */ = {
			isa = XCBuildConfiguration;
			buildSettings = {
				ASSETCATALOG_COMPILER_APPICON_NAME = AppIcon;
				CODE_SIGN_STYLE = Automatic;
				DEVELOPMENT_TEAM = THR6D6P7GG;
				INFOPLIST_FILE = GoogleMapsDemo/Info.plist;
				LD_RUNPATH_SEARCH_PATHS = (
					"$(inherited)",
					"@executable_path/Frameworks",
				);
				PRODUCT_BUNDLE_IDENTIFIER = Gaia.GoogleMapsDemo;
				PRODUCT_NAME = "$(TARGET_NAME)";
				SWIFT_VERSION = 4.0;
				TARGETED_DEVICE_FAMILY = "1,2";
			};
			name = Debug;
		};
		7B34144420B0AEC500637466 /* Release */ = {
			isa = XCBuildConfiguration;
			buildSettings = {
				ASSETCATALOG_COMPILER_APPICON_NAME = AppIcon;
				CODE_SIGN_STYLE = Automatic;
				DEVELOPMENT_TEAM = THR6D6P7GG;
				INFOPLIST_FILE = GoogleMapsDemo/Info.plist;
				LD_RUNPATH_SEARCH_PATHS = (
					"$(inherited)",
					"@executable_path/Frameworks",
				);
				PRODUCT_BUNDLE_IDENTIFIER = Gaia.GoogleMapsDemo;
				PRODUCT_NAME = "$(TARGET_NAME)";
				SWIFT_VERSION = 4.0;
				TARGETED_DEVICE_FAMILY = "1,2";
			};
			name = Release;
		};
		7B34144620B0AEC500637466 /* Debug */ = {
			isa = XCBuildConfiguration;
			buildSettings = {
				ALWAYS_EMBED_SWIFT_STANDARD_LIBRARIES = YES;
				BUNDLE_LOADER = "$(TEST_HOST)";
				CODE_SIGN_STYLE = Automatic;
				DEVELOPMENT_TEAM = THR6D6P7GG;
				INFOPLIST_FILE = GoogleMapsDemoTests/Info.plist;
				LD_RUNPATH_SEARCH_PATHS = (
					"$(inherited)",
					"@executable_path/Frameworks",
					"@loader_path/Frameworks",
				);
				PRODUCT_BUNDLE_IDENTIFIER = Gaia.GoogleMapsDemoTests;
				PRODUCT_NAME = "$(TARGET_NAME)";
				SWIFT_VERSION = 4.0;
				TARGETED_DEVICE_FAMILY = "1,2";
				TEST_HOST = "$(BUILT_PRODUCTS_DIR)/GoogleMapsDemo.app/GoogleMapsDemo";
			};
			name = Debug;
		};
		7B34144720B0AEC500637466 /* Release */ = {
			isa = XCBuildConfiguration;
			buildSettings = {
				ALWAYS_EMBED_SWIFT_STANDARD_LIBRARIES = YES;
				BUNDLE_LOADER = "$(TEST_HOST)";
				CODE_SIGN_STYLE = Automatic;
				DEVELOPMENT_TEAM = THR6D6P7GG;
				INFOPLIST_FILE = GoogleMapsDemoTests/Info.plist;
				LD_RUNPATH_SEARCH_PATHS = (
					"$(inherited)",
					"@executable_path/Frameworks",
					"@loader_path/Frameworks",
				);
				PRODUCT_BUNDLE_IDENTIFIER = Gaia.GoogleMapsDemoTests;
				PRODUCT_NAME = "$(TARGET_NAME)";
				SWIFT_VERSION = 4.0;
				TARGETED_DEVICE_FAMILY = "1,2";
				TEST_HOST = "$(BUILT_PRODUCTS_DIR)/GoogleMapsDemo.app/GoogleMapsDemo";
			};
			name = Release;
		};
/* End XCBuildConfiguration section */

/* Begin XCConfigurationList section */
		7B34142020B0AEC300637466 /* Build configuration list for PBXProject "GoogleMapsDemo" */ = {
			isa = XCConfigurationList;
			buildConfigurations = (
				7B34144020B0AEC500637466 /* Debug */,
				7B34144120B0AEC500637466 /* Release */,
			);
			defaultConfigurationIsVisible = 0;
			defaultConfigurationName = Release;
		};
		7B34144220B0AEC500637466 /* Build configuration list for PBXNativeTarget "GoogleMapsDemo" */ = {
			isa = XCConfigurationList;
			buildConfigurations = (
				7B34144320B0AEC500637466 /* Debug */,
				7B34144420B0AEC500637466 /* Release */,
			);
			defaultConfigurationIsVisible = 0;
			defaultConfigurationName = Release;
		};
		7B34144520B0AEC500637466 /* Build configuration list for PBXNativeTarget "GoogleMapsDemoTests" */ = {
			isa = XCConfigurationList;
			buildConfigurations = (
				7B34144620B0AEC500637466 /* Debug */,
				7B34144720B0AEC500637466 /* Release */,
			);
			defaultConfigurationIsVisible = 0;
			defaultConfigurationName = Release;
		};
/* End XCConfigurationList section */
	};
	rootObject = 7B34141D20B0AEC300637466 /* Project object */;
}
